lockfileVersion: '6.0'

settings:
  autoInstallPeers: true
  excludeLinksFromLockfile: false

devDependencies:
  '@cloudflare/workers-types':
    specifier: ^4.20240222.0
    version: 4.20240222.0

packages:

  /@cloudflare/workers-types@4.20240222.0:
    resolution: {integrity: sha512-luO0BdK3rLlCv3B240+cTrfqm+XSbHtpk+88aJtGwzyVK9QF/Xz8lBgE/oZZLN8nCTmOvxAZnszyxUuZ8GP8Cg==}
    dev: true
